// !$*UTF8*$!
{
	archiveVersion = 1;
	classes = {
	};
	objectVersion = 46;
	objects = {

/* Begin PBXBuildFile section */
		1608122E1D1B1D8100EAB36C /* AppDelegate.swift in Sources */ = {isa = PBXBuildFile; fileRef = 1608122D1D1B1D8100EAB36C /* AppDelegate.swift */; };
		160812301D1B1D8100EAB36C /* ViewController.swift in Sources */ = {isa = PBXBuildFile; fileRef = 1608122F1D1B1D8100EAB36C /* ViewController.swift */; };
		160812331D1B1D8100EAB36C /* Main.storyboard in Resources */ = {isa = PBXBuildFile; fileRef = 160812311D1B1D8100EAB36C /* Main.storyboard */; };
		160812351D1B1D8100EAB36C /* Assets.xcassets in Resources */ = {isa = PBXBuildFile; fileRef = 160812341D1B1D8100EAB36C /* Assets.xcassets */; };
		160812381D1B1D8100EAB36C /* LaunchScreen.storyboard in Resources */ = {isa = PBXBuildFile; fileRef = 160812361D1B1D8100EAB36C /* LaunchScreen.storyboard */; };
/* End PBXBuildFile section */

/* Begin PBXFileReference section */
		1608122A1D1B1D8100EAB36C /* Lecture2.app */ = {isa = PBXFileReference; explicitFileType = wrapper.application; includeInIndex = 0; path = Lecture2.app; sourceTree = BUILT_PRODUCTS_DIR; };
		1608122D1D1B1D8100EAB36C /* AppDelegate.swift */ = {isa = PBXFileReference; lastKnownFileType = sourcecode.swift; path = AppDelegate.swift; sourceTree = "<group>"; };
		1608122F1D1B1D8100EAB36C /* ViewController.swift */ = {isa = PBXFileReference; lastKnownFileType = sourcecode.swift; path = ViewController.swift; sourceTree = "<group>"; };
		160812321D1B1D8100EAB36C /* Base */ = {isa = PBXFileReference; lastKnownFileType = file.storyboard; name = Base; path = Base.lproj/Main.storyboard; sourceTree = "<group>"; };
		160812341D1B1D8100EAB36C /* Assets.xcassets */ = {isa = PBXFileReference; lastKnownFileType = folder.assetcatalog; path = Assets.xcassets; sourceTree = "<group>"; };
		160812371D1B1D8100EAB36C /* Base */ = {isa = PBXFileReference; lastKnownFileType = file.storyboard; name = Base; path = Base.lproj/LaunchScreen.storyboard; sourceTree = "<group>"; };
		160812391D1B1D8100EAB36C /* Info.plist */ = {isa = PBXFileReference; lastKnownFileType = text.plist.xml; path = Info.plist; sourceTree = "<group>"; };
/* End PBXFileReference section */

/* Begin PBXFrameworksBuildPhase section */
		160812271D1B1D8000EAB36C /* Frameworks */ = {
			isa = PBXFrameworksBuildPhase;
			buildActionMask = 2147483647;
			files = (
			);
			runOnlyForDeploymentPostprocessing = 0;
		};
/* End PBXFrameworksBuildPhase section */

/* Begin PBXGroup section */
		160812211D1B1D8000EAB36C = {
			isa = PBXGroup;
			children = (
				1608122C1D1B1D8100EAB36C /* Lecture2 */,
				1608122B1D1B1D8100EAB36C /* Products */,
			);
			sourceTree = "<group>";
		};
		1608122B1D1B1D8100EAB36C /* Products */ = {
			isa = PBXGroup;
			children = (
				1608122A1D1B1D8100EAB36C /* Lecture2.app */,
			);
			name = Products;
			sourceTree = "<group>";
		};
		1608122C1D1B1D8100EAB36C /* Lecture2 */ = {
			isa = PBXGroup;
			children = (
				1608122D1D1B1D8100EAB36C /* AppDelegate.swift */,
				1608122F1D1B1D8100EAB36C /* ViewController.swift */,
				160812311D1B1D8100EAB36C /* Main.storyboard */,
				160812341D1B1D8100EAB36C /* Assets.xcassets */,
				160812361D1B1D8100EAB36C /* LaunchScreen.storyboard */,
				160812391D1B1D8100EAB36C /* Info.plist */,
			);
			path = Lecture2;
			sourceTree = "<group>";
		};
/* End PBXGroup section */

/* Begin PBXNativeTarget section */
		160812291D1B1D8000EAB36C /* Lecture2 */ = {
			isa = PBXNativeTarget;
			buildConfigurationList = 1608123C1D1B1D8100EAB36C /* Build configuration list for PBXNativeTarget "Lecture2" */;
			buildPhases = (
				160812261D1B1D8000EAB36C /* Sources */,
				160812271D1B1D8000EAB36C /* Frameworks */,
				160812281D1B1D8000EAB36C /* Resources */,
			);
			buildRules = (
			);
			dependencies = (
			);
			name = Lecture2;
			productName = Lecture2;
			productReference = 1608122A1D1B1D8100EAB36C /* Lecture2.app */;
			productType = "com.apple.product-type.application";
		};
/* End PBXNativeTarget section */

/* Begin PBXProject section */
		160812221D1B1D8000EAB36C /* Project object */ = {
			isa = PBXProject;
			attributes = {
				LastSwiftUpdateCheck = 0730;
				LastUpgradeCheck = 0730;
				ORGANIZATIONNAME = "Eric Jonassen";
				TargetAttributes = {
					160812291D1B1D8000EAB36C = {
						CreatedOnToolsVersion = 7.3.1;
					};
				};
			};
			buildConfigurationList = 160812251D1B1D8000EAB36C /* Build configuration list for PBXProject "Lecture2" */;
			compatibilityVersion = "Xcode 3.2";
			developmentRegion = English;
			hasScannedForEncodings = 0;
			knownRegions = (
				en,
				Base,
			);
			mainGroup = 160812211D1B1D8000EAB36C;
			productRefGroup = 1608122B1D1B1D8100EAB36C /* Products */;
			projectDirPath = "";
			projectRoot = "";
			targets = (
				160812291D1B1D8000EAB36C /* Lecture2 */,
			);
		};
/* End PBXProject section */

/* Begin PBXResourcesBuildPhase section */
		160812281D1B1D8000EAB36C /* Resources */ = {
			isa = PBXResourcesBuildPhase;
			buildActionMask = 2147483647;
			files = (
				160812381D1B1D8100EAB36C /* LaunchScreen.storyboard in Resources */,
				160812351D1B1D8100EAB36C /* Assets.xcassets in Resources */,
				160812331D1B1D8100EAB36C /* Main.storyboard in Resources */,
			);
			runOnlyForDeploymentPostprocessing = 0;
		};
/* End PBXResourcesBuildPhase section */

/* Begin PBXSourcesBuildPhase section */
		160812261D1B1D8000EAB36C /* Sources */ = {
			isa = PBXSourcesBuildPhase;
			buildActionMask = 2147483647;
			files = (
				160812301D1B1D8100EAB36C /* ViewController.swift in Sources */,
				1608122E1D1B1D8100EAB36C /* AppDelegate.swift in Sources */,
			);
			runOnlyForDeploymentPostprocessing = 0;
		};
/* End PBXSourcesBuildPhase section */

/* Begin PBXVariantGroup section */
		160812311D1B1D8100EAB36C /* Main.storyboard */ = {
			isa = PBXVariantGroup;
			children = (
				160812321D1B1D8100EAB36C /* Base */,
			);
			name = Main.storyboard;
			sourceTree = "<group>";
		};
		160812361D1B1D8100EAB36C /* LaunchScreen.storyboard */ = {
			isa = PBXVariantGroup;
			children = (
				160812371D1B1D8100EAB36C /* Base */,
			);
			name = LaunchScreen.storyboard;
			sourceTree = "<group>";
		};
/* End PBXVariantGroup section */

/* Begin XCBuildConfiguration section */
		1608123A1D1B1D8100EAB36C /* Debug */ = {
			isa = XCBuildConfiguration;
			buildSettings = {
				ALWAYS_SEARCH_USER_PATHS = NO;
				CLANG_ANALYZER_NONNULL = YES;
				CLANG_CXX_LANGUAGE_STANDARD = "gnu++0x";
				CLANG_CXX_LIBRARY = "libc++";
				CLANG_ENABLE_MODULES = YES;
				CLANG_ENABLE_OBJC_ARC = YES;
				CLANG_WARN_BOOL_CONVERSION = YES;
				CLANG_WARN_CONSTANT_CONVERSION = YES;
				CLANG_WARN_DIRECT_OBJC_ISA_USAGE = YES_ERROR;
				CLANG_WARN_EMPTY_BODY = YES;
				CLANG_WARN_ENUM_CONVERSION = YES;
				CLANG_WARN_INT_CONVERSION = YES;
				CLANG_WARN_OBJC_ROOT_CLASS = YES_ERROR;
				CLANG_WARN_UNREACHABLE_CODE = YES;
				CLANG_WARN__DUPLICATE_METHOD_MATCH = YES;
				"CODE_SIGN_IDENTITY[sdk=iphoneos*]" = "iPhone Developer";
				COPY_PHASE_STRIP = NO;
				DEBUG_INFORMATION_FORMAT = dwarf;
				ENABLE_STRICT_OBJC_MSGSEND = YES;
				ENABLE_TESTABILITY = YES;
				GCC_C_LANGUAGE_STANDARD = gnu99;
				GCC_DYNAMIC_NO_PIC = NO;
				GCC_NO_COMMON_BLOCKS = YES;
				GCC_OPTIMIZATION_LEVEL = 0;
				GCC_PREPROCESSOR_DEFINITIONS = (
					"DEBUG=1",
					"$(inherited)",
				);
				GCC_WARN_64_TO_32_BIT_CONVERSION = YES;
				GCC_WARN_ABOUT_RETURN_TYPE = YES_ERROR;
				GCC_WARN_UNDECLARED_SELECTOR = YES;
				GCC_WARN_UNINITIALIZED_AUTOS = YES_AGGRESSIVE;
				GCC_WARN_UNUSED_FUNCTION = YES;
				GCC_WARN_UNUSED_VARIABLE = YES;
				IPHONEOS_DEPLOYMENT_TARGET = 9.3;
				MTL_ENABLE_DEBUG_INFO = YES;
				ONLY_ACTIVE_ARCH = YES;
				SDKROOT = iphoneos;
				SWIFT_OPTIMIZATION_LEVEL = "-Onone";
				TARGETED_DEVICE_FAMILY = "1,2";
			};
			name = Debug;
		};
		1608123B1D1B1D8100EAB36C /* Release */ = {
			isa = XCBuildConfiguration;
			buildSettings = {
				ALWAYS_SEARCH_USER_PATHS = NO;
				CLANG_ANALYZER_NONNULL = YES;
				CLANG_CXX_LANGUAGE_STANDARD = "gnu++0x";
				CLANG_CXX_LIBRARY = "libc++";
				CLANG_ENABLE_MODULES = YES;
				CLANG_ENABLE_OBJC_ARC = YES;
				CLANG_WARN_BOOL_CONVERSION = YES;
				CLANG_WARN_CONSTANT_CONVERSION = YES;
				CLANG_WARN_DIRECT_OBJC_ISA_USAGE = YES_ERROR;
				CLANG_WARN_EMPTY_BODY = YES;
				CLANG_WARN_ENUM_CONVERSION = YES;
				CLANG_WARN_INT_CONVERSION = YES;
				CLANG_WARN_OBJC_ROOT_CLASS = YES_ERROR;
				CLANG_WARN_UNREACHABLE_CODE = YES;
				CLANG_WARN__DUPLICATE_METHOD_MATCH = YES;
				"CODE_SIGN_IDENTITY[sdk=iphoneos*]" = "iPhone Developer";
				COPY_PHASE_STRIP = NO;
				DEBUG_INFORMATION_FORMAT = "dwarf-with-dsym";
				ENABLE_NS_ASSERTIONS = NO;
				ENABLE_STRICT_OBJC_MSGSEND = YES;
				GCC_C_LANGUAGE_STANDARD = gnu99;
				GCC_NO_COMMON_BLOCKS = YES;
				GCC_WARN_64_TO_32_BIT_CONVERSION = YES;
				GCC_WARN_ABOUT_RETURN_TYPE = YES_ERROR;
				GCC_WARN_UNDECLARED_SELECTOR = YES;
				GCC_WARN_UNINITIALIZED_AUTOS = YES_AGGRESSIVE;
				GCC_WARN_UNUSED_FUNCTION = YES;
				GCC_WARN_UNUSED_VARIABLE = YES;
				IPHONEOS_DEPLOYMENT_TARGET = 9.3;
				MTL_ENABLE_DEBUG_INFO = NO;
				SDKROOT = iphoneos;
				TARGETED_DEVICE_FAMILY = "1,2";
				VALIDATE_PRODUCT = YES;
			};
			name = Release;
		};
		1608123D1D1B1D8100EAB36C /* Debug */ = {
			isa = XCBuildConfiguration;
			buildSettings = {
				ASSETCATALOG_COMPILER_APPICON_NAME = AppIcon;
				INFOPLIST_FILE = Lecture2/Info.plist;
				LD_RUNPATH_SEARCH_PATHS = "$(inherited) @executable_path/Frameworks";
				PRODUCT_BUNDLE_IDENTIFIER = ayy.lmao.Lecture2;
				PRODUCT_NAME = "$(TARGET_NAME)";
			};
			name = Debug;
		};
		1608123E1D1B1D8100EAB36C /* Release */ = {
			isa = XCBuildConfiguration;
			buildSettings = {
				ASSETCATALOG_COMPILER_APPICON_NAME = AppIcon;
				INFOPLIST_FILE = Lecture2/Info.plist;
				LD_RUNPATH_SEARCH_PATHS = "$(inherited) @executable_path/Frameworks";
				PRODUCT_BUNDLE_IDENTIFIER = ayy.lmao.Lecture2;
				PRODUCT_NAME = "$(TARGET_NAME)";
			};
			name = Release;
		};
/* End XCBuildConfiguration section */

/* Begin XCConfigurationList section */
		160812251D1B1D8000EAB36C /* Build configuration list for PBXProject "Lecture2" */ = {
			isa = XCConfigurationList;
			buildConfigurations = (
				1608123A1D1B1D8100EAB36C /* Debug */,
				1608123B1D1B1D8100EAB36C /* Release */,
			);
			defaultConfigurationIsVisible = 0;
			defaultConfigurationName = Release;
		};
		1608123C1D1B1D8100EAB36C /* Build configuration list for PBXNativeTarget "Lecture2" */ = {
			isa = XCConfigurationList;
			buildConfigurations = (
				1608123D1D1B1D8100EAB36C /* Debug */,
				1608123E1D1B1D8100EAB36C /* Release */,
			);
			defaultConfigurationIsVisible = 0;
		};
/* End XCConfigurationList section */
	};
	rootObject = 160812221D1B1D8000EAB36C /* Project object */;
}
